
Microsoft Visual Studio Solution File, Format Version 12.00
# Visual Studio Version 17
VisualStudioVersion = 17.0.31903.59
MinimumVisualStudioVersion = 10.0.40219.1
Project("{2150E333-8FDC-42A3-9474-1A3956D46DE8}") = "src", "src", "{2CC8DA77-5BBE-42D9-8D6E-1F45B5C9FC47}"
EndProject
Project("{FAE04EC0-301F-11D3-BF4B-00C04F79EFBC}") = "ApiGateway", "src\ApiGateway\ApiGateway.csproj", "{F9F57395-7766-465A-BD82-75BF9E605C1B}"
EndProject
Project("{2150E333-8FDC-42A3-9474-1A3956D46DE8}") = "Services", "Services", "{9F77EF41-0996-4228-99EF-F78D979FEA3D}"
EndProject
Project("{2150E333-8FDC-42A3-9474-1A3956D46DE8}") = "AuthService", "AuthService", "{98E5BF55-94DA-446F-A63B-8C3C2C3C8B2F}"
EndProject
Project("{FAE04EC0-301F-11D3-BF4B-00C04F79EFBC}") = "AuthService.API", "src\Services\AuthService\AuthService.API\AuthService.API.csproj", "{380FF3CA-77FC-4139-8175-8E79923067D4}"
EndProject
Project("{FAE04EC0-301F-11D3-BF4B-00C04F79EFBC}") = "AuthService.Domain", "src\Services\AuthService\AuthService.Domain\AuthService.Domain.csproj", "{8A434F7C-1202-4B65-9A33-EF0A7CA74EBA}"
EndProject
Project("{FAE04EC0-301F-11D3-BF4B-00C04F79EFBC}") = "AuthService.Application", "src\Services\AuthService\AuthService.Application\AuthService.Application.csproj", "{B886C69D-EB4A-4543-8A79-27E15A307C50}"
EndProject
Project("{FAE04EC0-301F-11D3-BF4B-00C04F79EFBC}") = "AuthService.Infrastructure", "src\Services\AuthService\AuthService.Infrastructure\AuthService.Infrastructure.csproj", "{866C9EFC-3B2F-4838-AA43-FF7DE856484F}"
EndProject
Project("{2150E333-8FDC-42A3-9474-1A3956D46DE8}") = "ProductService", "ProductService", "{4321EB81-7F16-4B40-9CDB-882A75E503EE}"
EndProject
Project("{FAE04EC0-301F-11D3-BF4B-00C04F79EFBC}") = "ProductService.API", "src\Services\ProductService\ProductService.API\ProductService.API.csproj", "{FC0779E3-260C-4C9E-84DF-4E5ABC858B2D}"
EndProject
Project("{FAE04EC0-301F-11D3-BF4B-00C04F79EFBC}") = "ProductService.Domain", "src\Services\ProductService\ProductService.Domain\ProductService.Domain.csproj", "{7212F691-A42F-4785-9F26-19C0B05A6B87}"
EndProject
Project("{FAE04EC0-301F-11D3-BF4B-00C04F79EFBC}") = "ProductService.Application", "src\Services\ProductService\ProductService.Application\ProductService.Application.csproj", "{3FA821EB-2934-46F3-A2B1-40A67B683173}"
EndProject
Project("{FAE04EC0-301F-11D3-BF4B-00C04F79EFBC}") = "ProductService.Infrastructure", "src\Services\ProductService\ProductService.Infrastructure\ProductService.Infrastructure.csproj", "{801E5995-A5D7-4215-9A22-A184D104E390}"
EndProject
Project("{2150E333-8FDC-42A3-9474-1A3956D46DE8}") = "LogService", "LogService", "{8AB6AA7D-9321-48D3-AA31-52185A11F3FB}"
EndProject
Project("{FAE04EC0-301F-11D3-BF4B-00C04F79EFBC}") = "LogService.API", "src\Services\LogService\LogService.API\LogService.API.csproj", "{084F2FF9-AD5D-43BC-AF8A-891A7AFCCC7B}"
EndProject
Project("{FAE04EC0-301F-11D3-BF4B-00C04F79EFBC}") = "LogService.Domain", "src\Services\LogService\LogService.Domain\LogService.Domain.csproj", "{865A55D3-52E3-480E-B7C1-31C8F86FB981}"
EndProject
Project("{FAE04EC0-301F-11D3-BF4B-00C04F79EFBC}") = "LogService.Application", "src\Services\LogService\LogService.Application\LogService.Application.csproj", "{F49BC011-69F6-44F3-B22A-08FC60BFA213}"
EndProject
Project("{FAE04EC0-301F-11D3-BF4B-00C04F79EFBC}") = "LogService.Infrastructure", "src\Services\LogService\LogService.Infrastructure\LogService.Infrastructure.csproj", "{F6BE7AEF-1654-4553-9605-1A34A14C5C0A}"
EndProject
Project("{2150E333-8FDC-42A3-9474-1A3956D46DE8}") = "Shared", "Shared", "{A601AD4F-8E38-488B-943D-B6E47DED4CB7}"
EndProject
Project("{FAE04EC0-301F-11D3-BF4B-00C04F79EFBC}") = "SharedKernel", "src\Shared\SharedKernel\SharedKernel.csproj", "{C0E392D3-AA92-484A-AC7B-693C2D25B467}"
EndProject
Global
	GlobalSection(SolutionConfigurationPlatforms) = preSolution
		Debug|Any CPU = Debug|Any CPU
		Release|Any CPU = Release|Any CPU
	EndGlobalSection
	GlobalSection(SolutionProperties) = preSolution
		HideSolutionNode = FALSE
	EndGlobalSection
	GlobalSection(ProjectConfigurationPlatforms) = postSolution
		{F9F57395-7766-465A-BD82-75BF9E605C1B}.Debug|Any CPU.ActiveCfg = Debug|Any CPU
		{F9F57395-7766-465A-BD82-75BF9E605C1B}.Debug|Any CPU.Build.0 = Debug|Any CPU
		{F9F57395-7766-465A-BD82-75BF9E605C1B}.Release|Any CPU.ActiveCfg = Release|Any CPU
		{F9F57395-7766-465A-BD82-75BF9E605C1B}.Release|Any CPU.Build.0 = Release|Any CPU
		{380FF3CA-77FC-4139-8175-8E79923067D4}.Debug|Any CPU.ActiveCfg = Debug|Any CPU
		{380FF3CA-77FC-4139-8175-8E79923067D4}.Debug|Any CPU.Build.0 = Debug|Any CPU
		{380FF3CA-77FC-4139-8175-8E79923067D4}.Release|Any CPU.ActiveCfg = Release|Any CPU
		{380FF3CA-77FC-4139-8175-8E79923067D4}.Release|Any CPU.Build.0 = Release|Any CPU
		{8A434F7C-1202-4B65-9A33-EF0A7CA74EBA}.Debug|Any CPU.ActiveCfg = Debug|Any CPU
		{8A434F7C-1202-4B65-9A33-EF0A7CA74EBA}.Debug|Any CPU.Build.0 = Debug|Any CPU
		{8A434F7C-1202-4B65-9A33-EF0A7CA74EBA}.Release|Any CPU.ActiveCfg = Release|Any CPU
		{8A434F7C-1202-4B65-9A33-EF0A7CA74EBA}.Release|Any CPU.Build.0 = Release|Any CPU
		{B886C69D-EB4A-4543-8A79-27E15A307C50}.Debug|Any CPU.ActiveCfg = Debug|Any CPU
		{B886C69D-EB4A-4543-8A79-27E15A307C50}.Debug|Any CPU.Build.0 = Debug|Any CPU
		{B886C69D-EB4A-4543-8A79-27E15A307C50}.Release|Any CPU.ActiveCfg = Release|Any CPU
		{B886C69D-EB4A-4543-8A79-27E15A307C50}.Release|Any CPU.Build.0 = Release|Any CPU
		{866C9EFC-3B2F-4838-AA43-FF7DE856484F}.Debug|Any CPU.ActiveCfg = Debug|Any CPU
		{866C9EFC-3B2F-4838-AA43-FF7DE856484F}.Debug|Any CPU.Build.0 = Debug|Any CPU
		{866C9EFC-3B2F-4838-AA43-FF7DE856484F}.Release|Any CPU.ActiveCfg = Release|Any CPU
		{866C9EFC-3B2F-4838-AA43-FF7DE856484F}.Release|Any CPU.Build.0 = Release|Any CPU
		{FC0779E3-260C-4C9E-84DF-4E5ABC858B2D}.Debug|Any CPU.ActiveCfg = Debug|Any CPU
		{FC0779E3-260C-4C9E-84DF-4E5ABC858B2D}.Debug|Any CPU.Build.0 = Debug|Any CPU
		{FC0779E3-260C-4C9E-84DF-4E5ABC858B2D}.Release|Any CPU.ActiveCfg = Release|Any CPU
		{FC0779E3-260C-4C9E-84DF-4E5ABC858B2D}.Release|Any CPU.Build.0 = Release|Any CPU
		{7212F691-A42F-4785-9F26-19C0B05A6B87}.Debug|Any CPU.ActiveCfg = Debug|Any CPU
		{7212F691-A42F-4785-9F26-19C0B05A6B87}.Debug|Any CPU.Build.0 = Debug|Any CPU
		{7212F691-A42F-4785-9F26-19C0B05A6B87}.Release|Any CPU.ActiveCfg = Release|Any CPU
		{7212F691-A42F-4785-9F26-19C0B05A6B87}.Release|Any CPU.Build.0 = Release|Any CPU
		{3FA821EB-2934-46F3-A2B1-40A67B683173}.Debug|Any CPU.ActiveCfg = Debug|Any CPU
		{3FA821EB-2934-46F3-A2B1-40A67B683173}.Debug|Any CPU.Build.0 = Debug|Any CPU
		{3FA821EB-2934-46F3-A2B1-40A67B683173}.Release|Any CPU.ActiveCfg = Release|Any CPU
		{3FA821EB-2934-46F3-A2B1-40A67B683173}.Release|Any CPU.Build.0 = Release|Any CPU
		{801E5995-A5D7-4215-9A22-A184D104E390}.Debug|Any CPU.ActiveCfg = Debug|Any CPU
		{801E5995-A5D7-4215-9A22-A184D104E390}.Debug|Any CPU.Build.0 = Debug|Any CPU
		{801E5995-A5D7-4215-9A22-A184D104E390}.Release|Any CPU.ActiveCfg = Release|Any CPU
		{801E5995-A5D7-4215-9A22-A184D104E390}.Release|Any CPU.Build.0 = Release|Any CPU
		{084F2FF9-AD5D-43BC-AF8A-891A7AFCCC7B}.Debug|Any CPU.ActiveCfg = Debug|Any CPU
		{084F2FF9-AD5D-43BC-AF8A-891A7AFCCC7B}.Debug|Any CPU.Build.0 = Debug|Any CPU
		{084F2FF9-AD5D-43BC-AF8A-891A7AFCCC7B}.Release|Any CPU.ActiveCfg = Release|Any CPU
		{084F2FF9-AD5D-43BC-AF8A-891A7AFCCC7B}.Release|Any CPU.Build.0 = Release|Any CPU
		{865A55D3-52E3-480E-B7C1-31C8F86FB981}.Debug|Any CPU.ActiveCfg = Debug|Any CPU
		{865A55D3-52E3-480E-B7C1-31C8F86FB981}.Debug|Any CPU.Build.0 = Debug|Any CPU
		{865A55D3-52E3-480E-B7C1-31C8F86FB981}.Release|Any CPU.ActiveCfg = Release|Any CPU
		{865A55D3-52E3-480E-B7C1-31C8F86FB981}.Release|Any CPU.Build.0 = Release|Any CPU
		{F49BC011-69F6-44F3-B22A-08FC60BFA213}.Debug|Any CPU.ActiveCfg = Debug|Any CPU
		{F49BC011-69F6-44F3-B22A-08FC60BFA213}.Debug|Any CPU.Build.0 = Debug|Any CPU
		{F49BC011-69F6-44F3-B22A-08FC60BFA213}.Release|Any CPU.ActiveCfg = Release|Any CPU
		{F49BC011-69F6-44F3-B22A-08FC60BFA213}.Release|Any CPU.Build.0 = Release|Any CPU
		{F6BE7AEF-1654-4553-9605-1A34A14C5C0A}.Debug|Any CPU.ActiveCfg = Debug|Any CPU
		{F6BE7AEF-1654-4553-9605-1A34A14C5C0A}.Debug|Any CPU.Build.0 = Debug|Any CPU
		{F6BE7AEF-1654-4553-9605-1A34A14C5C0A}.Release|Any CPU.ActiveCfg = Release|Any CPU
		{F6BE7AEF-1654-4553-9605-1A34A14C5C0A}.Release|Any CPU.Build.0 = Release|Any CPU
		{C0E392D3-AA92-484A-AC7B-693C2D25B467}.Debug|Any CPU.ActiveCfg = Debug|Any CPU
		{C0E392D3-AA92-484A-AC7B-693C2D25B467}.Debug|Any CPU.Build.0 = Debug|Any CPU
		{C0E392D3-AA92-484A-AC7B-693C2D25B467}.Release|Any CPU.ActiveCfg = Release|Any CPU
		{C0E392D3-AA92-484A-AC7B-693C2D25B467}.Release|Any CPU.Build.0 = Release|Any CPU
	EndGlobalSection
	GlobalSection(NestedProjects) = preSolution
		{F9F57395-7766-465A-BD82-75BF9E605C1B} = {2CC8DA77-5BBE-42D9-8D6E-1F45B5C9FC47}
		{9F77EF41-0996-4228-99EF-F78D979FEA3D} = {2CC8DA77-5BBE-42D9-8D6E-1F45B5C9FC47}
		{98E5BF55-94DA-446F-A63B-8C3C2C3C8B2F} = {9F77EF41-0996-4228-99EF-F78D979FEA3D}
		{380FF3CA-77FC-4139-8175-8E79923067D4} = {98E5BF55-94DA-446F-A63B-8C3C2C3C8B2F}
		{8A434F7C-1202-4B65-9A33-EF0A7CA74EBA} = {98E5BF55-94DA-446F-A63B-8C3C2C3C8B2F}
		{B886C69D-EB4A-4543-8A79-27E15A307C50} = {98E5BF55-94DA-446F-A63B-8C3C2C3C8B2F}
		{866C9EFC-3B2F-4838-AA43-FF7DE856484F} = {98E5BF55-94DA-446F-A63B-8C3C2C3C8B2F}
		{4321EB81-7F16-4B40-9CDB-882A75E503EE} = {9F77EF41-0996-4228-99EF-F78D979FEA3D}
		{FC0779E3-260C-4C9E-84DF-4E5ABC858B2D} = {4321EB81-7F16-4B40-9CDB-882A75E503EE}
		{7212F691-A42F-4785-9F26-19C0B05A6B87} = {4321EB81-7F16-4B40-9CDB-882A75E503EE}
		{3FA821EB-2934-46F3-A2B1-40A67B683173} = {4321EB81-7F16-4B40-9CDB-882A75E503EE}
		{801E5995-A5D7-4215-9A22-A184D104E390} = {4321EB81-7F16-4B40-9CDB-882A75E503EE}
		{8AB6AA7D-9321-48D3-AA31-52185A11F3FB} = {9F77EF41-0996-4228-99EF-F78D979FEA3D}
		{084F2FF9-AD5D-43BC-AF8A-891A7AFCCC7B} = {8AB6AA7D-9321-48D3-AA31-52185A11F3FB}
		{865A55D3-52E3-480E-B7C1-31C8F86FB981} = {8AB6AA7D-9321-48D3-AA31-52185A11F3FB}
		{F49BC011-69F6-44F3-B22A-08FC60BFA213} = {8AB6AA7D-9321-48D3-AA31-52185A11F3FB}
		{F6BE7AEF-1654-4553-9605-1A34A14C5C0A} = {8AB6AA7D-9321-48D3-AA31-52185A11F3FB}
		{A601AD4F-8E38-488B-943D-B6E47DED4CB7} = {2CC8DA77-5BBE-42D9-8D6E-1F45B5C9FC47}
		{C0E392D3-AA92-484A-AC7B-693C2D25B467} = {A601AD4F-8E38-488B-943D-B6E47DED4CB7}
	EndGlobalSection
EndGlobal
